
Microsoft Visual Studio Solution File, Format Version 12.00
# Visual Studio Version 17
VisualStudioVersion = 17.9.34622.214
MinimumVisualStudioVersion = 10.0.40219.1
Project("{FAE04EC0-301F-11D3-BF4B-00C04F79EFBC}") = "Employees", "Employees\Employees.csproj", "{9AD8E031-C598-4EFC-A2C3-5A2EA5ADF4CF}"
EndProject
Project("{FAE04EC0-301F-11D3-BF4B-00C04F79EFBC}") = "FullTimeEmployees", "FullTimeEmployees\FullTimeEmployees.csproj", "{96F12692-636E-4D16-9C41-EDC6FCCB3D21}"
EndProject
Project("{FAE04EC0-301F-11D3-BF4B-00C04F79EFBC}") = "PartTimeEmployees", "PartTimeEmployees\PartTimeEmployees.csproj", "{9C867C9E-293A-4FE5-AE65-08A018043D83}"
EndProject
Project("{FAE04EC0-301F-11D3-BF4B-00C04F79EFBC}") = "ContractEmployees", "ContractEmployees\ContractEmployees.csproj", "{990213AF-2616-4BC6-8DDB-7D9101B74479}"
EndProject
Project("{FAE04EC0-301F-11D3-BF4B-00C04F79EFBC}") = "StartUpProject", "StartUpProject\StartUpProject.csproj", "{03A048BB-0BCB-46E9-AC7B-ACA03BB53CDD}"
EndProject
Global
	GlobalSection(SolutionConfigurationPlatforms) = preSolution
		Debug|Any CPU = Debug|Any CPU
		Release|Any CPU = Release|Any CPU
	EndGlobalSection
	GlobalSection(ProjectConfigurationPlatforms) = postSolution
		{9AD8E031-C598-4EFC-A2C3-5A2EA5ADF4CF}.Debug|Any CPU.ActiveCfg = Debug|Any CPU
		{9AD8E031-C598-4EFC-A2C3-5A2EA5ADF4CF}.Debug|Any CPU.Build.0 = Debug|Any CPU
		{9AD8E031-C598-4EFC-A2C3-5A2EA5ADF4CF}.Release|Any CPU.ActiveCfg = Release|Any CPU
		{9AD8E031-C598-4EFC-A2C3-5A2EA5ADF4CF}.Release|Any CPU.Build.0 = Release|Any CPU
		{96F12692-636E-4D16-9C41-EDC6FCCB3D21}.Debug|Any CPU.ActiveCfg = Debug|Any CPU
		{96F12692-636E-4D16-9C41-EDC6FCCB3D21}.Debug|Any CPU.Build.0 = Debug|Any CPU
		{96F12692-636E-4D16-9C41-EDC6FCCB3D21}.Release|Any CPU.ActiveCfg = Release|Any CPU
		{96F12692-636E-4D16-9C41-EDC6FCCB3D21}.Release|Any CPU.Build.0 = Release|Any CPU
		{9C867C9E-293A-4FE5-AE65-08A018043D83}.Debug|Any CPU.ActiveCfg = Debug|Any CPU
		{9C867C9E-293A-4FE5-AE65-08A018043D83}.Debug|Any CPU.Build.0 = Debug|Any CPU
		{9C867C9E-293A-4FE5-AE65-08A018043D83}.Release|Any CPU.ActiveCfg = Release|Any CPU
		{9C867C9E-293A-4FE5-AE65-08A018043D83}.Release|Any CPU.Build.0 = Release|Any CPU
		{990213AF-2616-4BC6-8DDB-7D9101B74479}.Debug|Any CPU.ActiveCfg = Debug|Any CPU
		{990213AF-2616-4BC6-8DDB-7D9101B74479}.Debug|Any CPU.Build.0 = Debug|Any CPU
		{990213AF-2616-4BC6-8DDB-7D9101B74479}.Release|Any CPU.ActiveCfg = Release|Any CPU
		{990213AF-2616-4BC6-8DDB-7D9101B74479}.Release|Any CPU.Build.0 = Release|Any CPU
		{03A048BB-0BCB-46E9-AC7B-ACA03BB53CDD}.Debug|Any CPU.ActiveCfg = Debug|Any CPU
		{03A048BB-0BCB-46E9-AC7B-ACA03BB53CDD}.Debug|Any CPU.Build.0 = Debug|Any CPU
		{03A048BB-0BCB-46E9-AC7B-ACA03BB53CDD}.Release|Any CPU.ActiveCfg = Release|Any CPU
		{03A048BB-0BCB-46E9-AC7B-ACA03BB53CDD}.Release|Any CPU.Build.0 = Release|Any CPU
	EndGlobalSection
	GlobalSection(SolutionProperties) = preSolution
		HideSolutionNode = FALSE
	EndGlobalSection
	GlobalSection(ExtensibilityGlobals) = postSolution
		SolutionGuid = {5D38882A-3E82-42D6-9A29-B0CAEB7FE558}
	EndGlobalSection
EndGlobal
